
Microsoft Visual Studio Solution File, Format Version 12.00
# Visual Studio Version 16
VisualStudioVersion = 16.0.29911.84
MinimumVisualStudioVersion = 10.0.40219.1
Project("{2150E333-8FDC-42A3-9474-1A3956D46DE8}") = "Solution Items", "Solution Items", "{4466DDE2-7344-4180-A1D5-97F827CEEAB7}"
	ProjectSection(SolutionItems) = preProject
		readme.txt = readme.txt
		..\Configuration\SharedSettings.json = ..\Configuration\SharedSettings.json
	EndProjectSection
EndProject
Project("{9A19103F-16F7-4668-BE54-9A1E7A4F7556}") = "Fs.Core", "Fs.Core\Fs.Core.csproj", "{1F931D79-0D33-4F5D-987C-9248C1303752}"
EndProject
Project("{9A19103F-16F7-4668-BE54-9A1E7A4F7556}") = "Fs.Data", "Fs.Data\Fs.Data.csproj", "{8850C7F2-39D7-4DB9-8E5C-A4762ED22475}"
EndProject
Project("{9A19103F-16F7-4668-BE54-9A1E7A4F7556}") = "Fs.Business", "Fs.Business\Fs.Business.csproj", "{84BA05C9-A4AE-481D-A356-32A7EFB97A7F}"
EndProject
Project("{2150E333-8FDC-42A3-9474-1A3956D46DE8}") = "Shared", "Shared", "{C8129E33-1C44-4091-A338-9F662DEDA48B}"
EndProject
Project("{2150E333-8FDC-42A3-9474-1A3956D46DE8}") = "Angular", "Angular", "{7D4ED276-4820-47F6-B0A0-87A4B0575F65}"
EndProject
Project("{9A19103F-16F7-4668-BE54-9A1E7A4F7556}") = "Fs.Angular.Is4", "Fs.Angular.Is4\Fs.Angular.Is4.csproj", "{4F8F60A9-E9D8-4F34-9829-1F34EC6B1D64}"
EndProject
Project("{9A19103F-16F7-4668-BE54-9A1E7A4F7556}") = "Fs.Api", "Fs.Api\Fs.Api.csproj", "{BF39DFC9-B14D-4890-A124-7162F4B32FAD}"
EndProject
Project("{9A19103F-16F7-4668-BE54-9A1E7A4F7556}") = "Fs.Angular.Is4.Client", "Fs.Angular.Is4.Client\Fs.Angular.Is4.Client.csproj", "{3516D2B9-4794-4CBF-8B91-69581F522B19}"
EndProject
Project("{9A19103F-16F7-4668-BE54-9A1E7A4F7556}") = "Fs.Angular.Client", "Fs.Angular.Client\Fs.Angular.Client.csproj", "{A4CC1FAE-9BE0-4B2C-90D0-AC6101093249}"
EndProject
Project("{9A19103F-16F7-4668-BE54-9A1E7A4F7556}") = "Fs.Console.Client", "Fs.Console.Client\Fs.Console.Client.csproj", "{5736C9C8-6BB4-4DE4-8FEB-972EAC993EEA}"
EndProject
Project("{2150E333-8FDC-42A3-9474-1A3956D46DE8}") = "Blazor", "Blazor", "{F15B781F-4DAA-483C-B460-49AF9E2E440D}"
EndProject
Project("{2150E333-8FDC-42A3-9474-1A3956D46DE8}") = "Wasm", "Wasm", "{9FD37C3C-B119-4D8D-8813-C806427D19A9}"
EndProject
Project("{2150E333-8FDC-42A3-9474-1A3956D46DE8}") = "WithIs4", "WithIs4", "{D14AC80C-B658-4DA7-944F-F735E54541A8}"
EndProject
Project("{2150E333-8FDC-42A3-9474-1A3956D46DE8}") = "WithoutIs4", "WithoutIs4", "{F71E268E-60A7-473B-8C73-08B92C071C6A}"
EndProject
Project("{9A19103F-16F7-4668-BE54-9A1E7A4F7556}") = "Fs.Blazor.Is4.Wasm.Client.Client", "Fs.Blazor.Is4.Wasm.Client\Client\Fs.Blazor.Is4.Wasm.Client.Client.csproj", "{BBDA75A6-3646-4A33-A271-0FEB78D2B653}"
EndProject
Project("{9A19103F-16F7-4668-BE54-9A1E7A4F7556}") = "Fs.Blazor.Is4.Wasm.Client.Server", "Fs.Blazor.Is4.Wasm.Client\Server\Fs.Blazor.Is4.Wasm.Client.Server.csproj", "{3B01F322-E49A-42CC-89EF-50BF3B8A11C4}"
EndProject
Project("{9A19103F-16F7-4668-BE54-9A1E7A4F7556}") = "Fs.Blazor.Wasm.Client.Client", "Fs.Blazor.Wasm.Client\Client\Fs.Blazor.Wasm.Client.Client.csproj", "{5E8D54FB-B2A2-47F2-A8F3-F33E79859BD9}"
EndProject
Project("{9A19103F-16F7-4668-BE54-9A1E7A4F7556}") = "Fs.Blazor.Wasm.Client.Server", "Fs.Blazor.Wasm.Client\Server\Fs.Blazor.Wasm.Client.Server.csproj", "{6106A5C6-3B91-477D-934C-1EE800663E26}"
EndProject
Project("{9A19103F-16F7-4668-BE54-9A1E7A4F7556}") = "Fs.Blazor.Is4", "Fs.Blazor.Is4\Fs.Blazor.Is4.csproj", "{A0CD075E-A0F9-4845-9C7D-4E6485E117B2}"
EndProject
Project("{9A19103F-16F7-4668-BE54-9A1E7A4F7556}") = "Fs.Blazor.Client", "Fs.Blazor.Client\Fs.Blazor.Client.csproj", "{6F2FEA6D-89EB-4B0D-A57F-DE2A33B65A72}"
EndProject
Project("{9A19103F-16F7-4668-BE54-9A1E7A4F7556}") = "Fs.Is4", "Fs.Is4\Fs.Is4.csproj", "{A622DCFB-DED9-4175-8FCD-9351B1F2EDAE}"
EndProject
Project("{9A19103F-16F7-4668-BE54-9A1E7A4F7556}") = "Fs.Blazor.Shared", "Fs.Blazor.Shared\Fs.Blazor.Shared.csproj", "{DE7AB1A9-CC2F-47C6-B0E2-23B11884B637}"
EndProject
Global
	GlobalSection(SolutionConfigurationPlatforms) = preSolution
		Debug|Any CPU = Debug|Any CPU
		Release|Any CPU = Release|Any CPU
	EndGlobalSection
	GlobalSection(ProjectConfigurationPlatforms) = postSolution
		{1F931D79-0D33-4F5D-987C-9248C1303752}.Debug|Any CPU.ActiveCfg = Debug|Any CPU
		{1F931D79-0D33-4F5D-987C-9248C1303752}.Debug|Any CPU.Build.0 = Debug|Any CPU
		{1F931D79-0D33-4F5D-987C-9248C1303752}.Release|Any CPU.ActiveCfg = Release|Any CPU
		{1F931D79-0D33-4F5D-987C-9248C1303752}.Release|Any CPU.Build.0 = Release|Any CPU
		{8850C7F2-39D7-4DB9-8E5C-A4762ED22475}.Debug|Any CPU.ActiveCfg = Debug|Any CPU
		{8850C7F2-39D7-4DB9-8E5C-A4762ED22475}.Debug|Any CPU.Build.0 = Debug|Any CPU
		{8850C7F2-39D7-4DB9-8E5C-A4762ED22475}.Release|Any CPU.ActiveCfg = Release|Any CPU
		{8850C7F2-39D7-4DB9-8E5C-A4762ED22475}.Release|Any CPU.Build.0 = Release|Any CPU
		{84BA05C9-A4AE-481D-A356-32A7EFB97A7F}.Debug|Any CPU.ActiveCfg = Debug|Any CPU
		{84BA05C9-A4AE-481D-A356-32A7EFB97A7F}.Debug|Any CPU.Build.0 = Debug|Any CPU
		{84BA05C9-A4AE-481D-A356-32A7EFB97A7F}.Release|Any CPU.ActiveCfg = Release|Any CPU
		{84BA05C9-A4AE-481D-A356-32A7EFB97A7F}.Release|Any CPU.Build.0 = Release|Any CPU
		{4F8F60A9-E9D8-4F34-9829-1F34EC6B1D64}.Debug|Any CPU.ActiveCfg = Debug|Any CPU
		{4F8F60A9-E9D8-4F34-9829-1F34EC6B1D64}.Debug|Any CPU.Build.0 = Debug|Any CPU
		{4F8F60A9-E9D8-4F34-9829-1F34EC6B1D64}.Release|Any CPU.ActiveCfg = Release|Any CPU
		{4F8F60A9-E9D8-4F34-9829-1F34EC6B1D64}.Release|Any CPU.Build.0 = Release|Any CPU
		{BF39DFC9-B14D-4890-A124-7162F4B32FAD}.Debug|Any CPU.ActiveCfg = Debug|Any CPU
		{BF39DFC9-B14D-4890-A124-7162F4B32FAD}.Debug|Any CPU.Build.0 = Debug|Any CPU
		{BF39DFC9-B14D-4890-A124-7162F4B32FAD}.Release|Any CPU.ActiveCfg = Release|Any CPU
		{BF39DFC9-B14D-4890-A124-7162F4B32FAD}.Release|Any CPU.Build.0 = Release|Any CPU
		{3516D2B9-4794-4CBF-8B91-69581F522B19}.Debug|Any CPU.ActiveCfg = Debug|Any CPU
		{3516D2B9-4794-4CBF-8B91-69581F522B19}.Debug|Any CPU.Build.0 = Debug|Any CPU
		{3516D2B9-4794-4CBF-8B91-69581F522B19}.Release|Any CPU.ActiveCfg = Release|Any CPU
		{3516D2B9-4794-4CBF-8B91-69581F522B19}.Release|Any CPU.Build.0 = Release|Any CPU
		{A4CC1FAE-9BE0-4B2C-90D0-AC6101093249}.Debug|Any CPU.ActiveCfg = Debug|Any CPU
		{A4CC1FAE-9BE0-4B2C-90D0-AC6101093249}.Debug|Any CPU.Build.0 = Debug|Any CPU
		{A4CC1FAE-9BE0-4B2C-90D0-AC6101093249}.Release|Any CPU.ActiveCfg = Release|Any CPU
		{A4CC1FAE-9BE0-4B2C-90D0-AC6101093249}.Release|Any CPU.Build.0 = Release|Any CPU
		{5736C9C8-6BB4-4DE4-8FEB-972EAC993EEA}.Debug|Any CPU.ActiveCfg = Debug|Any CPU
		{5736C9C8-6BB4-4DE4-8FEB-972EAC993EEA}.Debug|Any CPU.Build.0 = Debug|Any CPU
		{5736C9C8-6BB4-4DE4-8FEB-972EAC993EEA}.Release|Any CPU.ActiveCfg = Release|Any CPU
		{5736C9C8-6BB4-4DE4-8FEB-972EAC993EEA}.Release|Any CPU.Build.0 = Release|Any CPU
		{BBDA75A6-3646-4A33-A271-0FEB78D2B653}.Debug|Any CPU.ActiveCfg = Debug|Any CPU
		{BBDA75A6-3646-4A33-A271-0FEB78D2B653}.Debug|Any CPU.Build.0 = Debug|Any CPU
		{BBDA75A6-3646-4A33-A271-0FEB78D2B653}.Release|Any CPU.ActiveCfg = Release|Any CPU
		{BBDA75A6-3646-4A33-A271-0FEB78D2B653}.Release|Any CPU.Build.0 = Release|Any CPU
		{3B01F322-E49A-42CC-89EF-50BF3B8A11C4}.Debug|Any CPU.ActiveCfg = Debug|Any CPU
		{3B01F322-E49A-42CC-89EF-50BF3B8A11C4}.Debug|Any CPU.Build.0 = Debug|Any CPU
		{3B01F322-E49A-42CC-89EF-50BF3B8A11C4}.Release|Any CPU.ActiveCfg = Release|Any CPU
		{3B01F322-E49A-42CC-89EF-50BF3B8A11C4}.Release|Any CPU.Build.0 = Release|Any CPU
		{5E8D54FB-B2A2-47F2-A8F3-F33E79859BD9}.Debug|Any CPU.ActiveCfg = Debug|Any CPU
		{5E8D54FB-B2A2-47F2-A8F3-F33E79859BD9}.Debug|Any CPU.Build.0 = Debug|Any CPU
		{5E8D54FB-B2A2-47F2-A8F3-F33E79859BD9}.Release|Any CPU.ActiveCfg = Release|Any CPU
		{5E8D54FB-B2A2-47F2-A8F3-F33E79859BD9}.Release|Any CPU.Build.0 = Release|Any CPU
		{6106A5C6-3B91-477D-934C-1EE800663E26}.Debug|Any CPU.ActiveCfg = Debug|Any CPU
		{6106A5C6-3B91-477D-934C-1EE800663E26}.Debug|Any CPU.Build.0 = Debug|Any CPU
		{6106A5C6-3B91-477D-934C-1EE800663E26}.Release|Any CPU.ActiveCfg = Release|Any CPU
		{6106A5C6-3B91-477D-934C-1EE800663E26}.Release|Any CPU.Build.0 = Release|Any CPU
		{A0CD075E-A0F9-4845-9C7D-4E6485E117B2}.Debug|Any CPU.ActiveCfg = Debug|Any CPU
		{A0CD075E-A0F9-4845-9C7D-4E6485E117B2}.Debug|Any CPU.Build.0 = Debug|Any CPU
		{A0CD075E-A0F9-4845-9C7D-4E6485E117B2}.Release|Any CPU.ActiveCfg = Release|Any CPU
		{A0CD075E-A0F9-4845-9C7D-4E6485E117B2}.Release|Any CPU.Build.0 = Release|Any CPU
		{6F2FEA6D-89EB-4B0D-A57F-DE2A33B65A72}.Debug|Any CPU.ActiveCfg = Debug|Any CPU
		{6F2FEA6D-89EB-4B0D-A57F-DE2A33B65A72}.Debug|Any CPU.Build.0 = Debug|Any CPU
		{6F2FEA6D-89EB-4B0D-A57F-DE2A33B65A72}.Release|Any CPU.ActiveCfg = Release|Any CPU
		{6F2FEA6D-89EB-4B0D-A57F-DE2A33B65A72}.Release|Any CPU.Build.0 = Release|Any CPU
		{A622DCFB-DED9-4175-8FCD-9351B1F2EDAE}.Debug|Any CPU.ActiveCfg = Debug|Any CPU
		{A622DCFB-DED9-4175-8FCD-9351B1F2EDAE}.Debug|Any CPU.Build.0 = Debug|Any CPU
		{A622DCFB-DED9-4175-8FCD-9351B1F2EDAE}.Release|Any CPU.ActiveCfg = Release|Any CPU
		{A622DCFB-DED9-4175-8FCD-9351B1F2EDAE}.Release|Any CPU.Build.0 = Release|Any CPU
		{DE7AB1A9-CC2F-47C6-B0E2-23B11884B637}.Debug|Any CPU.ActiveCfg = Debug|Any CPU
		{DE7AB1A9-CC2F-47C6-B0E2-23B11884B637}.Debug|Any CPU.Build.0 = Debug|Any CPU
		{DE7AB1A9-CC2F-47C6-B0E2-23B11884B637}.Release|Any CPU.ActiveCfg = Release|Any CPU
		{DE7AB1A9-CC2F-47C6-B0E2-23B11884B637}.Release|Any CPU.Build.0 = Release|Any CPU
	EndGlobalSection
	GlobalSection(SolutionProperties) = preSolution
		HideSolutionNode = FALSE
	EndGlobalSection
	GlobalSection(NestedProjects) = preSolution
		{1F931D79-0D33-4F5D-987C-9248C1303752} = {C8129E33-1C44-4091-A338-9F662DEDA48B}
		{8850C7F2-39D7-4DB9-8E5C-A4762ED22475} = {C8129E33-1C44-4091-A338-9F662DEDA48B}
		{84BA05C9-A4AE-481D-A356-32A7EFB97A7F} = {C8129E33-1C44-4091-A338-9F662DEDA48B}
		{4F8F60A9-E9D8-4F34-9829-1F34EC6B1D64} = {7D4ED276-4820-47F6-B0A0-87A4B0575F65}
		{3516D2B9-4794-4CBF-8B91-69581F522B19} = {7D4ED276-4820-47F6-B0A0-87A4B0575F65}
		{A4CC1FAE-9BE0-4B2C-90D0-AC6101093249} = {7D4ED276-4820-47F6-B0A0-87A4B0575F65}
		{9FD37C3C-B119-4D8D-8813-C806427D19A9} = {F15B781F-4DAA-483C-B460-49AF9E2E440D}
		{D14AC80C-B658-4DA7-944F-F735E54541A8} = {9FD37C3C-B119-4D8D-8813-C806427D19A9}
		{F71E268E-60A7-473B-8C73-08B92C071C6A} = {9FD37C3C-B119-4D8D-8813-C806427D19A9}
		{BBDA75A6-3646-4A33-A271-0FEB78D2B653} = {D14AC80C-B658-4DA7-944F-F735E54541A8}
		{3B01F322-E49A-42CC-89EF-50BF3B8A11C4} = {D14AC80C-B658-4DA7-944F-F735E54541A8}
		{5E8D54FB-B2A2-47F2-A8F3-F33E79859BD9} = {F71E268E-60A7-473B-8C73-08B92C071C6A}
		{6106A5C6-3B91-477D-934C-1EE800663E26} = {F71E268E-60A7-473B-8C73-08B92C071C6A}
		{A0CD075E-A0F9-4845-9C7D-4E6485E117B2} = {F15B781F-4DAA-483C-B460-49AF9E2E440D}
		{6F2FEA6D-89EB-4B0D-A57F-DE2A33B65A72} = {F15B781F-4DAA-483C-B460-49AF9E2E440D}
		{DE7AB1A9-CC2F-47C6-B0E2-23B11884B637} = {F15B781F-4DAA-483C-B460-49AF9E2E440D}
	EndGlobalSection
	GlobalSection(ExtensibilityGlobals) = postSolution
		SolutionGuid = {31FFF523-64C3-4793-AE64-FDA5B20CBF3E}
	EndGlobalSection
EndGlobal
